
Microsoft Visual Studio Solution File, Format Version 12.00
# Visual Studio Version 16
VisualStudioVersion = 16.0.30804.86
MinimumVisualStudioVersion = 10.0.40219.1
Project("{FAE04EC0-301F-11D3-BF4B-00C04F79EFBC}") = "ReactBlogsite.Web", "ReactBlogsite.Web\ReactBlogsite.Web.csproj", "{71BE6939-F826-43E3-BED6-84EA46A5FDCB}"
EndProject
Project("{FAE04EC0-301F-11D3-BF4B-00C04F79EFBC}") = "ReactBlogsite.Data", "ReactBlogsite.Data\ReactBlogsite.Data.csproj", "{338DC23C-F658-4DFF-9EE5-9E98589941B6}"
EndProject
Global
	GlobalSection(SolutionConfigurationPlatforms) = preSolution
		Debug|Any CPU = Debug|Any CPU
		Release|Any CPU = Release|Any CPU
	EndGlobalSection
	GlobalSection(ProjectConfigurationPlatforms) = postSolution
		{71BE6939-F826-43E3-BED6-84EA46A5FDCB}.Debug|Any CPU.ActiveCfg = Debug|Any CPU
		{71BE6939-F826-43E3-BED6-84EA46A5FDCB}.Debug|Any CPU.Build.0 = Debug|Any CPU
		{71BE6939-F826-43E3-BED6-84EA46A5FDCB}.Release|Any CPU.ActiveCfg = Release|Any CPU
		{71BE6939-F826-43E3-BED6-84EA46A5FDCB}.Release|Any CPU.Build.0 = Release|Any CPU
		{338DC23C-F658-4DFF-9EE5-9E98589941B6}.Debug|Any CPU.ActiveCfg = Debug|Any CPU
		{338DC23C-F658-4DFF-9EE5-9E98589941B6}.Debug|Any CPU.Build.0 = Debug|Any CPU
		{338DC23C-F658-4DFF-9EE5-9E98589941B6}.Release|Any CPU.ActiveCfg = Release|Any CPU
		{338DC23C-F658-4DFF-9EE5-9E98589941B6}.Release|Any CPU.Build.0 = Release|Any CPU
	EndGlobalSection
	GlobalSection(SolutionProperties) = preSolution
		HideSolutionNode = FALSE
	EndGlobalSection
	GlobalSection(ExtensibilityGlobals) = postSolution
		SolutionGuid = {008E073B-A597-4035-824D-ABC52DA1833C}
	EndGlobalSection
EndGlobal
